// !$*UTF8*$!
{
	archiveVersion = 1;
	classes = {
	};
	objectVersion = 46;
	objects = {

/* Begin PBXBuildFile section */
		013793271E00EC0E00E5814D /* PerspectSliderMenuHeader.swift in Sources */ = {isa = PBXBuildFile; fileRef = 013793261E00EC0E00E5814D /* PerspectSliderMenuHeader.swift */; };
		013793291E00EC1C00E5814D /* PerspectSliderMenuHeader.xib in Resources */ = {isa = PBXBuildFile; fileRef = 013793281E00EC1C00E5814D /* PerspectSliderMenuHeader.xib */; };
		0137932C1E00EE2A00E5814D /* CustomImageView.swift in Sources */ = {isa = PBXBuildFile; fileRef = 0137932B1E00EE2A00E5814D /* CustomImageView.swift */; };
		0137932E1E0125D500E5814D /* setting@2x.png in Resources */ = {isa = PBXBuildFile; fileRef = 0137932D1E0125D500E5814D /* setting@2x.png */; };
		013793301E01373900E5814D /* close@2x.png in Resources */ = {isa = PBXBuildFile; fileRef = 0137932F1E01373900E5814D /* close@2x.png */; };
		0137B40E1C7C0C3E00523732 /* AppDelegate.swift in Sources */ = {isa = PBXBuildFile; fileRef = 0137B40D1C7C0C3E00523732 /* AppDelegate.swift */; };
		0137B4151C7C0C3E00523732 /* Assets.xcassets in Resources */ = {isa = PBXBuildFile; fileRef = 0137B4141C7C0C3E00523732 /* Assets.xcassets */; };
		0137B4181C7C0C3E00523732 /* LaunchScreen.storyboard in Resources */ = {isa = PBXBuildFile; fileRef = 0137B4161C7C0C3E00523732 /* LaunchScreen.storyboard */; };
		0137B4231C7C0C3F00523732 /* XRSliderMenu_masterTests.swift in Sources */ = {isa = PBXBuildFile; fileRef = 0137B4221C7C0C3F00523732 /* XRSliderMenu_masterTests.swift */; };
		0137B42E1C7C0C3F00523732 /* XRSliderMenu_masterUITests.swift in Sources */ = {isa = PBXBuildFile; fileRef = 0137B42D1C7C0C3F00523732 /* XRSliderMenu_masterUITests.swift */; };
		0137B4441C7C0E3200523732 /* MenuViewController.swift in Sources */ = {isa = PBXBuildFile; fileRef = 0137B4431C7C0E3200523732 /* MenuViewController.swift */; };
		0137B4461C7C0E3B00523732 /* MainViewController.swift in Sources */ = {isa = PBXBuildFile; fileRef = 0137B4451C7C0E3B00523732 /* MainViewController.swift */; };
		0143EDC81DFF9BA6004E5873 /* bg.jpeg in Resources */ = {isa = PBXBuildFile; fileRef = 0143EDC71DFF9BA6004E5873 /* bg.jpeg */; };
		01943F321C7C0FED002A4D0D /* Main.storyboard in Resources */ = {isa = PBXBuildFile; fileRef = 01943F311C7C0FED002A4D0D /* Main.storyboard */; };
		01943F341C7C112F002A4D0D /* SliderViewController.swift in Sources */ = {isa = PBXBuildFile; fileRef = 01943F331C7C112F002A4D0D /* SliderViewController.swift */; };
		01943F431C7C3F46002A4D0D /* RootNavigationController.swift in Sources */ = {isa = PBXBuildFile; fileRef = 01943F421C7C3F46002A4D0D /* RootNavigationController.swift */; };
		01943F451C7C609B002A4D0D /* head.jpg in Resources */ = {isa = PBXBuildFile; fileRef = 01943F441C7C609B002A4D0D /* head.jpg */; };
		01943F491C7C72E8002A4D0D /* MyCell.swift in Sources */ = {isa = PBXBuildFile; fileRef = 01943F471C7C72E8002A4D0D /* MyCell.swift */; };
		01943F4A1C7C72E8002A4D0D /* MyCell.xib in Resources */ = {isa = PBXBuildFile; fileRef = 01943F481C7C72E8002A4D0D /* MyCell.xib */; };
		01CAD0F21DFAABE800DE877B /* CATransform3D+Extension.swift in Sources */ = {isa = PBXBuildFile; fileRef = 01CAD0F11DFAABE800DE877B /* CATransform3D+Extension.swift */; };
		01CAD0F51DFAC8B900DE877B /* PerspectSliderMenuViewController.swift in Sources */ = {isa = PBXBuildFile; fileRef = 01CAD0F41DFAC8B900DE877B /* PerspectSliderMenuViewController.swift */; };
		01CAD0F71DFAC92D00DE877B /* PerspectBottomViewController.swift in Sources */ = {isa = PBXBuildFile; fileRef = 01CAD0F61DFAC92D00DE877B /* PerspectBottomViewController.swift */; };
		01CAD0F91DFAC93A00DE877B /* PerspectTopViewController.swift in Sources */ = {isa = PBXBuildFile; fileRef = 01CAD0F81DFAC93A00DE877B /* PerspectTopViewController.swift */; };
		01F1A3EF1DFA926B00703B5D /* ScaleMenuViewController.swift in Sources */ = {isa = PBXBuildFile; fileRef = 01F1A3EE1DFA926B00703B5D /* ScaleMenuViewController.swift */; };
		01F4920A1C7D7F950097E99B /* WalletViewController.swift in Sources */ = {isa = PBXBuildFile; fileRef = 01F492091C7D7F950097E99B /* WalletViewController.swift */; };
		01F4920D1C7DC6550097E99B /* MessageCell.swift in Sources */ = {isa = PBXBuildFile; fileRef = 01F4920B1C7DC6550097E99B /* MessageCell.swift */; };
		01F4920E1C7DC6550097E99B /* MessageCell.xib in Resources */ = {isa = PBXBuildFile; fileRef = 01F4920C1C7DC6550097E99B /* MessageCell.xib */; };
		01F492101C7DD42C0097E99B /* gz.jpeg in Resources */ = {isa = PBXBuildFile; fileRef = 01F4920F1C7DD42C0097E99B /* gz.jpeg */; };
		01F492121C7DD5BC0097E99B /* MessageFooterView.xib in Resources */ = {isa = PBXBuildFile; fileRef = 01F492111C7DD5BC0097E99B /* MessageFooterView.xib */; };
		01F492141C7DD7270097E99B /* MessageFooterView.swift in Sources */ = {isa = PBXBuildFile; fileRef = 01F492131C7DD7270097E99B /* MessageFooterView.swift */; };
/* End PBXBuildFile section */

/* Begin PBXContainerItemProxy section */
		0137B41F1C7C0C3F00523732 /* PBXContainerItemProxy */ = {
			isa = PBXContainerItemProxy;
			containerPortal = 0137B4021C7C0C3E00523732 /* Project object */;
			proxyType = 1;
			remoteGlobalIDString = 0137B4091C7C0C3E00523732;
			remoteInfo = "XRSliderMenu-master";
		};
		0137B42A1C7C0C3F00523732 /* PBXContainerItemProxy */ = {
			isa = PBXContainerItemProxy;
			containerPortal = 0137B4021C7C0C3E00523732 /* Project object */;
			proxyType = 1;
			remoteGlobalIDString = 0137B4091C7C0C3E00523732;
			remoteInfo = "XRSliderMenu-master";
		};
/* End PBXContainerItemProxy section */

/* Begin PBXFileReference section */
		013793261E00EC0E00E5814D /* PerspectSliderMenuHeader.swift */ = {isa = PBXFileReference; fileEncoding = 4; lastKnownFileType = sourcecode.swift; path = PerspectSliderMenuHeader.swift; sourceTree = "<group>"; };
		013793281E00EC1C00E5814D /* PerspectSliderMenuHeader.xib */ = {isa = PBXFileReference; fileEncoding = 4; lastKnownFileType = file.xib; path = PerspectSliderMenuHeader.xib; sourceTree = "<group>"; };
		0137932B1E00EE2A00E5814D /* CustomImageView.swift */ = {isa = PBXFileReference; fileEncoding = 4; lastKnownFileType = sourcecode.swift; path = CustomImageView.swift; sourceTree = "<group>"; };
		0137932D1E0125D500E5814D /* setting@2x.png */ = {isa = PBXFileReference; lastKnownFileType = image.png; path = "setting@2x.png"; sourceTree = "<group>"; };
		0137932F1E01373900E5814D /* close@2x.png */ = {isa = PBXFileReference; lastKnownFileType = image.png; path = "close@2x.png"; sourceTree = "<group>"; };
		0137B40A1C7C0C3E00523732 /* XRSliderMenu-master.app */ = {isa = PBXFileReference; explicitFileType = wrapper.application; includeInIndex = 0; path = "XRSliderMenu-master.app"; sourceTree = BUILT_PRODUCTS_DIR; };
		0137B40D1C7C0C3E00523732 /* AppDelegate.swift */ = {isa = PBXFileReference; lastKnownFileType = sourcecode.swift; path = AppDelegate.swift; sourceTree = "<group>"; };
		0137B4141C7C0C3E00523732 /* Assets.xcassets */ = {isa = PBXFileReference; lastKnownFileType = folder.assetcatalog; path = Assets.xcassets; sourceTree = "<group>"; };
		0137B4171C7C0C3E00523732 /* Base */ = {isa = PBXFileReference; lastKnownFileType = file.storyboard; name = Base; path = Base.lproj/LaunchScreen.storyboard; sourceTree = "<group>"; };
		0137B4191C7C0C3E00523732 /* Info.plist */ = {isa = PBXFileReference; lastKnownFileType = text.plist.xml; path = Info.plist; sourceTree = "<group>"; };
		0137B41E1C7C0C3F00523732 /* XRSliderMenu-masterTests.xctest */ = {isa = PBXFileReference; explicitFileType = wrapper.cfbundle; includeInIndex = 0; path = "XRSliderMenu-masterTests.xctest"; sourceTree = BUILT_PRODUCTS_DIR; };
		0137B4221C7C0C3F00523732 /* XRSliderMenu_masterTests.swift */ = {isa = PBXFileReference; lastKnownFileType = sourcecode.swift; path = XRSliderMenu_masterTests.swift; sourceTree = "<group>"; };
		0137B4241C7C0C3F00523732 /* Info.plist */ = {isa = PBXFileReference; lastKnownFileType = text.plist.xml; path = Info.plist; sourceTree = "<group>"; };
		0137B4291C7C0C3F00523732 /* XRSliderMenu-masterUITests.xctest */ = {isa = PBXFileReference; explicitFileType = wrapper.cfbundle; includeInIndex = 0; path = "XRSliderMenu-masterUITests.xctest"; sourceTree = BUILT_PRODUCTS_DIR; };
		0137B42D1C7C0C3F00523732 /* XRSliderMenu_masterUITests.swift */ = {isa = PBXFileReference; lastKnownFileType = sourcecode.swift; path = XRSliderMenu_masterUITests.swift; sourceTree = "<group>"; };
		0137B42F1C7C0C3F00523732 /* Info.plist */ = {isa = PBXFileReference; lastKnownFileType = text.plist.xml; path = Info.plist; sourceTree = "<group>"; };
		0137B4431C7C0E3200523732 /* MenuViewController.swift */ = {isa = PBXFileReference; fileEncoding = 4; lastKnownFileType = sourcecode.swift; path = MenuViewController.swift; sourceTree = "<group>"; };
		0137B4451C7C0E3B00523732 /* MainViewController.swift */ = {isa = PBXFileReference; fileEncoding = 4; lastKnownFileType = sourcecode.swift; path = MainViewController.swift; sourceTree = "<group>"; };
		0143EDC71DFF9BA6004E5873 /* bg.jpeg */ = {isa = PBXFileReference; lastKnownFileType = image.jpeg; path = bg.jpeg; sourceTree = "<group>"; };
		01943F311C7C0FED002A4D0D /* Main.storyboard */ = {isa = PBXFileReference; fileEncoding = 4; lastKnownFileType = file.storyboard; path = Main.storyboard; sourceTree = "<group>"; };
		01943F331C7C112F002A4D0D /* SliderViewController.swift */ = {isa = PBXFileReference; fileEncoding = 4; lastKnownFileType = sourcecode.swift; path = SliderViewController.swift; sourceTree = "<group>"; };
		01943F421C7C3F46002A4D0D /* RootNavigationController.swift */ = {isa = PBXFileReference; fileEncoding = 4; lastKnownFileType = sourcecode.swift; path = RootNavigationController.swift; sourceTree = "<group>"; };
		01943F441C7C609B002A4D0D /* head.jpg */ = {isa = PBXFileReference; lastKnownFileType = image.jpeg; path = head.jpg; sourceTree = "<group>"; };
		01943F471C7C72E8002A4D0D /* MyCell.swift */ = {isa = PBXFileReference; fileEncoding = 4; lastKnownFileType = sourcecode.swift; path = MyCell.swift; sourceTree = "<group>"; };
		01943F481C7C72E8002A4D0D /* MyCell.xib */ = {isa = PBXFileReference; fileEncoding = 4; lastKnownFileType = file.xib; path = MyCell.xib; sourceTree = "<group>"; };
		01CAD0F11DFAABE800DE877B /* CATransform3D+Extension.swift */ = {isa = PBXFileReference; fileEncoding = 4; lastKnownFileType = sourcecode.swift; path = "CATransform3D+Extension.swift"; sourceTree = "<group>"; };
		01CAD0F41DFAC8B900DE877B /* PerspectSliderMenuViewController.swift */ = {isa = PBXFileReference; fileEncoding = 4; lastKnownFileType = sourcecode.swift; path = PerspectSliderMenuViewController.swift; sourceTree = "<group>"; };
		01CAD0F61DFAC92D00DE877B /* PerspectBottomViewController.swift */ = {isa = PBXFileReference; fileEncoding = 4; lastKnownFileType = sourcecode.swift; path = PerspectBottomViewController.swift; sourceTree = "<group>"; };
		01CAD0F81DFAC93A00DE877B /* PerspectTopViewController.swift */ = {isa = PBXFileReference; fileEncoding = 4; lastKnownFileType = sourcecode.swift; path = PerspectTopViewController.swift; sourceTree = "<group>"; };
		01F1A3EE1DFA926B00703B5D /* ScaleMenuViewController.swift */ = {isa = PBXFileReference; fileEncoding = 4; lastKnownFileType = sourcecode.swift; path = ScaleMenuViewController.swift; sourceTree = "<group>"; };
		01F492091C7D7F950097E99B /* WalletViewController.swift */ = {isa = PBXFileReference; fileEncoding = 4; lastKnownFileType = sourcecode.swift; path = WalletViewController.swift; sourceTree = "<group>"; };
		01F4920B1C7DC6550097E99B /* MessageCell.swift */ = {isa = PBXFileReference; fileEncoding = 4; lastKnownFileType = sourcecode.swift; path = MessageCell.swift; sourceTree = "<group>"; };
		01F4920C1C7DC6550097E99B /* MessageCell.xib */ = {isa = PBXFileReference; fileEncoding = 4; lastKnownFileType = file.xib; path = MessageCell.xib; sourceTree = "<group>"; };
		01F4920F1C7DD42C0097E99B /* gz.jpeg */ = {isa = PBXFileReference; lastKnownFileType = image.jpeg; path = gz.jpeg; sourceTree = "<group>"; };
		01F492111C7DD5BC0097E99B /* MessageFooterView.xib */ = {isa = PBXFileReference; fileEncoding = 4; lastKnownFileType = file.xib; path = MessageFooterView.xib; sourceTree = "<group>"; };
		01F492131C7DD7270097E99B /* MessageFooterView.swift */ = {isa = PBXFileReference; fileEncoding = 4; lastKnownFileType = sourcecode.swift; path = MessageFooterView.swift; sourceTree = "<group>"; };
/* End PBXFileReference section */

/* Begin PBXFrameworksBuildPhase section */
		0137B4071C7C0C3E00523732 /* Frameworks */ = {
			isa = PBXFrameworksBuildPhase;
			buildActionMask = 2147483647;
			files = (
			);
			runOnlyForDeploymentPostprocessing = 0;
		};
		0137B41B1C7C0C3F00523732 /* Frameworks */ = {
			isa = PBXFrameworksBuildPhase;
			buildActionMask = 2147483647;
			files = (
			);
			runOnlyForDeploymentPostprocessing = 0;
		};
		0137B4261C7C0C3F00523732 /* Frameworks */ = {
			isa = PBXFrameworksBuildPhase;
			buildActionMask = 2147483647;
			files = (
			);
			runOnlyForDeploymentPostprocessing = 0;
		};
/* End PBXFrameworksBuildPhase section */

/* Begin PBXGroup section */
		0137932A1E00EDE900E5814D /* Extensions */ = {
			isa = PBXGroup;
			children = (
				0137932B1E00EE2A00E5814D /* CustomImageView.swift */,
			);
			path = Extensions;
			sourceTree = "<group>";
		};
		0137B4011C7C0C3E00523732 = {
			isa = PBXGroup;
			children = (
				0137B40C1C7C0C3E00523732 /* XRSliderMenu-master */,
				0137B4211C7C0C3F00523732 /* XRSliderMenu-masterTests */,
				0137B42C1C7C0C3F00523732 /* XRSliderMenu-masterUITests */,
				0137B40B1C7C0C3E00523732 /* Products */,
			);
			sourceTree = "<group>";
		};
		0137B40B1C7C0C3E00523732 /* Products */ = {
			isa = PBXGroup;
			children = (
				0137B40A1C7C0C3E00523732 /* XRSliderMenu-master.app */,
				0137B41E1C7C0C3F00523732 /* XRSliderMenu-masterTests.xctest */,
				0137B4291C7C0C3F00523732 /* XRSliderMenu-masterUITests.xctest */,
			);
			name = Products;
			sourceTree = "<group>";
		};
		0137B40C1C7C0C3E00523732 /* XRSliderMenu-master */ = {
			isa = PBXGroup;
			children = (
				0137B43B1C7C0CDF00523732 /* Classes */,
				0137B40D1C7C0C3E00523732 /* AppDelegate.swift */,
				01943F311C7C0FED002A4D0D /* Main.storyboard */,
				0137B4141C7C0C3E00523732 /* Assets.xcassets */,
				0137B4161C7C0C3E00523732 /* LaunchScreen.storyboard */,
				0137B4191C7C0C3E00523732 /* Info.plist */,
			);
			path = "XRSliderMenu-master";
			sourceTree = "<group>";
		};
		0137B4211C7C0C3F00523732 /* XRSliderMenu-masterTests */ = {
			isa = PBXGroup;
			children = (
				0137B4221C7C0C3F00523732 /* XRSliderMenu_masterTests.swift */,
				0137B4241C7C0C3F00523732 /* Info.plist */,
			);
			path = "XRSliderMenu-masterTests";
			sourceTree = "<group>";
		};
		0137B42C1C7C0C3F00523732 /* XRSliderMenu-masterUITests */ = {
			isa = PBXGroup;
			children = (
				0137B42D1C7C0C3F00523732 /* XRSliderMenu_masterUITests.swift */,
				0137B42F1C7C0C3F00523732 /* Info.plist */,
			);
			path = "XRSliderMenu-masterUITests";
			sourceTree = "<group>";
		};
		0137B43B1C7C0CDF00523732 /* Classes */ = {
			isa = PBXGroup;
			children = (
				0137932A1E00EDE900E5814D /* Extensions */,
				01943F461C7C72AD002A4D0D /* Views */,
				01943F3D1C7C3A15002A4D0D /* Resources */,
				0137B43C1C7C0CEB00523732 /* Controllers */,
			);
			path = Classes;
			sourceTree = "<group>";
		};
		0137B43C1C7C0CEB00523732 /* Controllers */ = {
			isa = PBXGroup;
			children = (
				01CAD0F31DFAC84600DE877B /* PerspectSliderMenu */,
				01943F421C7C3F46002A4D0D /* RootNavigationController.swift */,
				0137B4431C7C0E3200523732 /* MenuViewController.swift */,
				0137B4451C7C0E3B00523732 /* MainViewController.swift */,
				01943F331C7C112F002A4D0D /* SliderViewController.swift */,
				01F492091C7D7F950097E99B /* WalletViewController.swift */,
				01F1A3EE1DFA926B00703B5D /* ScaleMenuViewController.swift */,
				01CAD0F11DFAABE800DE877B /* CATransform3D+Extension.swift */,
			);
			path = Controllers;
			sourceTree = "<group>";
		};
		01943F3D1C7C3A15002A4D0D /* Resources */ = {
			isa = PBXGroup;
			children = (
				0137932D1E0125D500E5814D /* setting@2x.png */,
				0137932F1E01373900E5814D /* close@2x.png */,
				0143EDC71DFF9BA6004E5873 /* bg.jpeg */,
				01F4920F1C7DD42C0097E99B /* gz.jpeg */,
				01943F441C7C609B002A4D0D /* head.jpg */,
			);
			path = Resources;
			sourceTree = "<group>";
		};
		01943F461C7C72AD002A4D0D /* Views */ = {
			isa = PBXGroup;
			children = (
				01943F471C7C72E8002A4D0D /* MyCell.swift */,
				01943F481C7C72E8002A4D0D /* MyCell.xib */,
				01F4920B1C7DC6550097E99B /* MessageCell.swift */,
				01F4920C1C7DC6550097E99B /* MessageCell.xib */,
				01F492111C7DD5BC0097E99B /* MessageFooterView.xib */,
				01F492131C7DD7270097E99B /* MessageFooterView.swift */,
				013793261E00EC0E00E5814D /* PerspectSliderMenuHeader.swift */,
				013793281E00EC1C00E5814D /* PerspectSliderMenuHeader.xib */,
			);
			path = Views;
			sourceTree = "<group>";
		};
		01CAD0F31DFAC84600DE877B /* PerspectSliderMenu */ = {
			isa = PBXGroup;
			children = (
				01CAD0F41DFAC8B900DE877B /* PerspectSliderMenuViewController.swift */,
				01CAD0F61DFAC92D00DE877B /* PerspectBottomViewController.swift */,
				01CAD0F81DFAC93A00DE877B /* PerspectTopViewController.swift */,
			);
			path = PerspectSliderMenu;
			sourceTree = "<group>";
		};
/* End PBXGroup section */

/* Begin PBXNativeTarget section */
		0137B4091C7C0C3E00523732 /* XRSliderMenu-master */ = {
			isa = PBXNativeTarget;
			buildConfigurationList = 0137B4321C7C0C3F00523732 /* Build configuration list for PBXNativeTarget "XRSliderMenu-master" */;
			buildPhases = (
				0137B4061C7C0C3E00523732 /* Sources */,
				0137B4071C7C0C3E00523732 /* Frameworks */,
				0137B4081C7C0C3E00523732 /* Resources */,
			);
			buildRules = (
			);
			dependencies = (
			);
			name = "XRSliderMenu-master";
			productName = "XRSliderMenu-master";
			productReference = 0137B40A1C7C0C3E00523732 /* XRSliderMenu-master.app */;
			productType = "com.apple.product-type.application";
		};
		0137B41D1C7C0C3F00523732 /* XRSliderMenu-masterTests */ = {
			isa = PBXNativeTarget;
			buildConfigurationList = 0137B4351C7C0C3F00523732 /* Build configuration list for PBXNativeTarget "XRSliderMenu-masterTests" */;
			buildPhases = (
				0137B41A1C7C0C3F00523732 /* Sources */,
				0137B41B1C7C0C3F00523732 /* Frameworks */,
				0137B41C1C7C0C3F00523732 /* Resources */,
			);
			buildRules = (
			);
			dependencies = (
				0137B4201C7C0C3F00523732 /* PBXTargetDependency */,
			);
			name = "XRSliderMenu-masterTests";
			productName = "XRSliderMenu-masterTests";
			productReference = 0137B41E1C7C0C3F00523732 /* XRSliderMenu-masterTests.xctest */;
			productType = "com.apple.product-type.bundle.unit-test";
		};
		0137B4281C7C0C3F00523732 /* XRSliderMenu-masterUITests */ = {
			isa = PBXNativeTarget;
			buildConfigurationList = 0137B4381C7C0C3F00523732 /* Build configuration list for PBXNativeTarget "XRSliderMenu-masterUITests" */;
			buildPhases = (
				0137B4251C7C0C3F00523732 /* Sources */,
				0137B4261C7C0C3F00523732 /* Frameworks */,
				0137B4271C7C0C3F00523732 /* Resources */,
			);
			buildRules = (
			);
			dependencies = (
				0137B42B1C7C0C3F00523732 /* PBXTargetDependency */,
			);
			name = "XRSliderMenu-masterUITests";
			productName = "XRSliderMenu-masterUITests";
			productReference = 0137B4291C7C0C3F00523732 /* XRSliderMenu-masterUITests.xctest */;
			productType = "com.apple.product-type.bundle.ui-testing";
		};
/* End PBXNativeTarget section */

/* Begin PBXProject section */
		0137B4021C7C0C3E00523732 /* Project object */ = {
			isa = PBXProject;
			attributes = {
				LastSwiftUpdateCheck = 0720;
				LastUpgradeCheck = 0720;
				ORGANIZATIONNAME = X.R;
				TargetAttributes = {
					0137B4091C7C0C3E00523732 = {
						CreatedOnToolsVersion = 7.2;
						DevelopmentTeam = AYCJR8SJVG;
						LastSwiftMigration = 0800;
					};
					0137B41D1C7C0C3F00523732 = {
						CreatedOnToolsVersion = 7.2;
						LastSwiftMigration = 0800;
						TestTargetID = 0137B4091C7C0C3E00523732;
					};
					0137B4281C7C0C3F00523732 = {
						CreatedOnToolsVersion = 7.2;
						LastSwiftMigration = 0800;
						TestTargetID = 0137B4091C7C0C3E00523732;
					};
				};
			};
			buildConfigurationList = 0137B4051C7C0C3E00523732 /* Build configuration list for PBXProject "XRSliderMenu-master" */;
			compatibilityVersion = "Xcode 3.2";
			developmentRegion = English;
			hasScannedForEncodings = 0;
			knownRegions = (
				en,
				Base,
			);
			mainGroup = 0137B4011C7C0C3E00523732;
			productRefGroup = 0137B40B1C7C0C3E00523732 /* Products */;
			projectDirPath = "";
			projectRoot = "";
			targets = (
				0137B4091C7C0C3E00523732 /* XRSliderMenu-master */,
				0137B41D1C7C0C3F00523732 /* XRSliderMenu-masterTests */,
				0137B4281C7C0C3F00523732 /* XRSliderMenu-masterUITests */,
			);
		};
/* End PBXProject section */

/* Begin PBXResourcesBuildPhase section */
		0137B4081C7C0C3E00523732 /* Resources */ = {
			isa = PBXResourcesBuildPhase;
			buildActionMask = 2147483647;
			files = (
				01F492101C7DD42C0097E99B /* gz.jpeg in Resources */,
				01943F321C7C0FED002A4D0D /* Main.storyboard in Resources */,
				01F4920E1C7DC6550097E99B /* MessageCell.xib in Resources */,
				0143EDC81DFF9BA6004E5873 /* bg.jpeg in Resources */,
				0137B4181C7C0C3E00523732 /* LaunchScreen.storyboard in Resources */,
				0137B4151C7C0C3E00523732 /* Assets.xcassets in Resources */,
				0137932E1E0125D500E5814D /* setting@2x.png in Resources */,
				013793291E00EC1C00E5814D /* PerspectSliderMenuHeader.xib in Resources */,
				01F492121C7DD5BC0097E99B /* MessageFooterView.xib in Resources */,
				01943F451C7C609B002A4D0D /* head.jpg in Resources */,
				013793301E01373900E5814D /* close@2x.png in Resources */,
				01943F4A1C7C72E8002A4D0D /* MyCell.xib in Resources */,
			);
			runOnlyForDeploymentPostprocessing = 0;
		};
		0137B41C1C7C0C3F00523732 /* Resources */ = {
			isa = PBXResourcesBuildPhase;
			buildActionMask = 2147483647;
			files = (
			);
			runOnlyForDeploymentPostprocessing = 0;
		};
		0137B4271C7C0C3F00523732 /* Resources */ = {
			isa = PBXResourcesBuildPhase;
			buildActionMask = 2147483647;
			files = (
			);
			runOnlyForDeploymentPostprocessing = 0;
		};
/* End PBXResourcesBuildPhase section */

/* Begin PBXSourcesBuildPhase section */
		0137B4061C7C0C3E00523732 /* Sources */ = {
			isa = PBXSourcesBuildPhase;
			buildActionMask = 2147483647;
			files = (
				01943F341C7C112F002A4D0D /* SliderViewController.swift in Sources */,
				01F492141C7DD7270097E99B /* MessageFooterView.swift in Sources */,
				01F4920D1C7DC6550097E99B /* MessageCell.swift in Sources */,
				0137B4441C7C0E3200523732 /* MenuViewController.swift in Sources */,
				01F1A3EF1DFA926B00703B5D /* ScaleMenuViewController.swift in Sources */,
				01CAD0F21DFAABE800DE877B /* CATransform3D+Extension.swift in Sources */,
				01F4920A1C7D7F950097E99B /* WalletViewController.swift in Sources */,
				0137B40E1C7C0C3E00523732 /* AppDelegate.swift in Sources */,
				013793271E00EC0E00E5814D /* PerspectSliderMenuHeader.swift in Sources */,
				0137932C1E00EE2A00E5814D /* CustomImageView.swift in Sources */,
				01943F491C7C72E8002A4D0D /* MyCell.swift in Sources */,
				0137B4461C7C0E3B00523732 /* MainViewController.swift in Sources */,
				01CAD0F71DFAC92D00DE877B /* PerspectBottomViewController.swift in Sources */,
				01CAD0F51DFAC8B900DE877B /* PerspectSliderMenuViewController.swift in Sources */,
				01CAD0F91DFAC93A00DE877B /* PerspectTopViewController.swift in Sources */,
				01943F431C7C3F46002A4D0D /* RootNavigationController.swift in Sources */,
			);
			runOnlyForDeploymentPostprocessing = 0;
		};
		0137B41A1C7C0C3F00523732 /* Sources */ = {
			isa = PBXSourcesBuildPhase;
			buildActionMask = 2147483647;
			files = (
				0137B4231C7C0C3F00523732 /* XRSliderMenu_masterTests.swift in Sources */,
			);
			runOnlyForDeploymentPostprocessing = 0;
		};
		0137B4251C7C0C3F00523732 /* Sources */ = {
			isa = PBXSourcesBuildPhase;
			buildActionMask = 2147483647;
			files = (
				0137B42E1C7C0C3F00523732 /* XRSliderMenu_masterUITests.swift in Sources */,
			);
			runOnlyForDeploymentPostprocessing = 0;
		};
/* End PBXSourcesBuildPhase section */

/* Begin PBXTargetDependency section */
		0137B4201C7C0C3F00523732 /* PBXTargetDependency */ = {
			isa = PBXTargetDependency;
			target = 0137B4091C7C0C3E00523732 /* XRSliderMenu-master */;
			targetProxy = 0137B41F1C7C0C3F00523732 /* PBXContainerItemProxy */;
		};
		0137B42B1C7C0C3F00523732 /* PBXTargetDependency */ = {
			isa = PBXTargetDependency;
			target = 0137B4091C7C0C3E00523732 /* XRSliderMenu-master */;
			targetProxy = 0137B42A1C7C0C3F00523732 /* PBXContainerItemProxy */;
		};
/* End PBXTargetDependency section */

/* Begin PBXVariantGroup section */
		0137B4161C7C0C3E00523732 /* LaunchScreen.storyboard */ = {
			isa = PBXVariantGroup;
			children = (
				0137B4171C7C0C3E00523732 /* Base */,
			);
			name = LaunchScreen.storyboard;
			sourceTree = "<group>";
		};
/* End PBXVariantGroup section */

/* Begin XCBuildConfiguration section */
		0137B4301C7C0C3F00523732 /* Debug */ = {
			isa = XCBuildConfiguration;
			buildSettings = {
				ALWAYS_SEARCH_USER_PATHS = NO;
				CLANG_CXX_LANGUAGE_STANDARD = "gnu++0x";
				CLANG_CXX_LIBRARY = "libc++";
				CLANG_ENABLE_MODULES = YES;
				CLANG_ENABLE_OBJC_ARC = YES;
				CLANG_WARN_BOOL_CONVERSION = YES;
				CLANG_WARN_CONSTANT_CONVERSION = YES;
				CLANG_WARN_DIRECT_OBJC_ISA_USAGE = YES_ERROR;
				CLANG_WARN_EMPTY_BODY = YES;
				CLANG_WARN_ENUM_CONVERSION = YES;
				CLANG_WARN_INT_CONVERSION = YES;
				CLANG_WARN_OBJC_ROOT_CLASS = YES_ERROR;
				CLANG_WARN_UNREACHABLE_CODE = YES;
				CLANG_WARN__DUPLICATE_METHOD_MATCH = YES;
				"CODE_SIGN_IDENTITY[sdk=iphoneos*]" = "iPhone Developer";
				COPY_PHASE_STRIP = NO;
				DEBUG_INFORMATION_FORMAT = dwarf;
				ENABLE_STRICT_OBJC_MSGSEND = YES;
				ENABLE_TESTABILITY = YES;
				GCC_C_LANGUAGE_STANDARD = gnu99;
				GCC_DYNAMIC_NO_PIC = NO;
				GCC_NO_COMMON_BLOCKS = YES;
				GCC_OPTIMIZATION_LEVEL = 0;
				GCC_PREPROCESSOR_DEFINITIONS = (
					"DEBUG=1",
					"$(inherited)",
				);
				GCC_WARN_64_TO_32_BIT_CONVERSION = YES;
				GCC_WARN_ABOUT_RETURN_TYPE = YES_ERROR;
				GCC_WARN_UNDECLARED_SELECTOR = YES;
				GCC_WARN_UNINITIALIZED_AUTOS = YES_AGGRESSIVE;
				GCC_WARN_UNUSED_FUNCTION = YES;
				GCC_WARN_UNUSED_VARIABLE = YES;
				IPHONEOS_DEPLOYMENT_TARGET = 9.2;
				MTL_ENABLE_DEBUG_INFO = YES;
				ONLY_ACTIVE_ARCH = YES;
				SDKROOT = iphoneos;
				SWIFT_OPTIMIZATION_LEVEL = "-Onone";
			};
			name = Debug;
		};
		0137B4311C7C0C3F00523732 /* Release */ = {
			isa = XCBuildConfiguration;
			buildSettings = {
				ALWAYS_SEARCH_USER_PATHS = NO;
				CLANG_CXX_LANGUAGE_STANDARD = "gnu++0x";
				CLANG_CXX_LIBRARY = "libc++";
				CLANG_ENABLE_MODULES = YES;
				CLANG_ENABLE_OBJC_ARC = YES;
				CLANG_WARN_BOOL_CONVERSION = YES;
				CLANG_WARN_CONSTANT_CONVERSION = YES;
				CLANG_WARN_DIRECT_OBJC_ISA_USAGE = YES_ERROR;
				CLANG_WARN_EMPTY_BODY = YES;
				CLANG_WARN_ENUM_CONVERSION = YES;
				CLANG_WARN_INT_CONVERSION = YES;
				CLANG_WARN_OBJC_ROOT_CLASS = YES_ERROR;
				CLANG_WARN_UNREACHABLE_CODE = YES;
				CLANG_WARN__DUPLICATE_METHOD_MATCH = YES;
				"CODE_SIGN_IDENTITY[sdk=iphoneos*]" = "iPhone Developer";
				COPY_PHASE_STRIP = NO;
				DEBUG_INFORMATION_FORMAT = "dwarf-with-dsym";
				ENABLE_NS_ASSERTIONS = NO;
				ENABLE_STRICT_OBJC_MSGSEND = YES;
				GCC_C_LANGUAGE_STANDARD = gnu99;
				GCC_NO_COMMON_BLOCKS = YES;
				GCC_WARN_64_TO_32_BIT_CONVERSION = YES;
				GCC_WARN_ABOUT_RETURN_TYPE = YES_ERROR;
				GCC_WARN_UNDECLARED_SELECTOR = YES;
				GCC_WARN_UNINITIALIZED_AUTOS = YES_AGGRESSIVE;
				GCC_WARN_UNUSED_FUNCTION = YES;
				GCC_WARN_UNUSED_VARIABLE = YES;
				IPHONEOS_DEPLOYMENT_TARGET = 9.2;
				MTL_ENABLE_DEBUG_INFO = NO;
				SDKROOT = iphoneos;
				VALIDATE_PRODUCT = YES;
			};
			name = Release;
		};
		0137B4331C7C0C3F00523732 /* Debug */ = {
			isa = XCBuildConfiguration;
			buildSettings = {
				ASSETCATALOG_COMPILER_APPICON_NAME = AppIcon;
				DEVELOPMENT_TEAM = AYCJR8SJVG;
				INFOPLIST_FILE = "XRSliderMenu-master/Info.plist";
				LD_RUNPATH_SEARCH_PATHS = "$(inherited) @executable_path/Frameworks";
				PRODUCT_BUNDLE_IDENTIFIER = "com.kkguan.XRSliderMenu-master";
				PRODUCT_NAME = "$(TARGET_NAME)";
				SWIFT_VERSION = 3.0;
			};
			name = Debug;
		};
		0137B4341C7C0C3F00523732 /* Release */ = {
			isa = XCBuildConfiguration;
			buildSettings = {
				ASSETCATALOG_COMPILER_APPICON_NAME = AppIcon;
				DEVELOPMENT_TEAM = AYCJR8SJVG;
				INFOPLIST_FILE = "XRSliderMenu-master/Info.plist";
				LD_RUNPATH_SEARCH_PATHS = "$(inherited) @executable_path/Frameworks";
				PRODUCT_BUNDLE_IDENTIFIER = "com.kkguan.XRSliderMenu-master";
				PRODUCT_NAME = "$(TARGET_NAME)";
				SWIFT_VERSION = 3.0;
			};
			name = Release;
		};
		0137B4361C7C0C3F00523732 /* Debug */ = {
			isa = XCBuildConfiguration;
			buildSettings = {
				BUNDLE_LOADER = "$(TEST_HOST)";
				INFOPLIST_FILE = "XRSliderMenu-masterTests/Info.plist";
				LD_RUNPATH_SEARCH_PATHS = "$(inherited) @executable_path/Frameworks @loader_path/Frameworks";
				PRODUCT_BUNDLE_IDENTIFIER = "com.kkguan.XRSliderMenu-masterTests";
				PRODUCT_NAME = "$(TARGET_NAME)";
				SWIFT_VERSION = 3.0;
				TEST_HOST = "$(BUILT_PRODUCTS_DIR)/XRSliderMenu-master.app/XRSliderMenu-master";
			};
			name = Debug;
		};
		0137B4371C7C0C3F00523732 /* Release */ = {
			isa = XCBuildConfiguration;
			buildSettings = {
				BUNDLE_LOADER = "$(TEST_HOST)";
				INFOPLIST_FILE = "XRSliderMenu-masterTests/Info.plist";
				LD_RUNPATH_SEARCH_PATHS = "$(inherited) @executable_path/Frameworks @loader_path/Frameworks";
				PRODUCT_BUNDLE_IDENTIFIER = "com.kkguan.XRSliderMenu-masterTests";
				PRODUCT_NAME = "$(TARGET_NAME)";
				SWIFT_VERSION = 3.0;
				TEST_HOST = "$(BUILT_PRODUCTS_DIR)/XRSliderMenu-master.app/XRSliderMenu-master";
			};
			name = Release;
		};
		0137B4391C7C0C3F00523732 /* Debug */ = {
			isa = XCBuildConfiguration;
			buildSettings = {
				INFOPLIST_FILE = "XRSliderMenu-masterUITests/Info.plist";
				LD_RUNPATH_SEARCH_PATHS = "$(inherited) @executable_path/Frameworks @loader_path/Frameworks";
				PRODUCT_BUNDLE_IDENTIFIER = "com.kkguan.XRSliderMenu-masterUITests";
				PRODUCT_NAME = "$(TARGET_NAME)";
				SWIFT_VERSION = 3.0;
				TEST_TARGET_NAME = "XRSliderMenu-master";
				USES_XCTRUNNER = YES;
			};
			name = Debug;
		};
		0137B43A1C7C0C3F00523732 /* Release */ = {
			isa = XCBuildConfiguration;
			buildSettings = {
				INFOPLIST_FILE = "XRSliderMenu-masterUITests/Info.plist";
				LD_RUNPATH_SEARCH_PATHS = "$(inherited) @executable_path/Frameworks @loader_path/Frameworks";
				PRODUCT_BUNDLE_IDENTIFIER = "com.kkguan.XRSliderMenu-masterUITests";
				PRODUCT_NAME = "$(TARGET_NAME)";
				SWIFT_VERSION = 3.0;
				TEST_TARGET_NAME = "XRSliderMenu-master";
				USES_XCTRUNNER = YES;
			};
			name = Release;
		};
/* End XCBuildConfiguration section */

/* Begin XCConfigurationList section */
		0137B4051C7C0C3E00523732 /* Build configuration list for PBXProject "XRSliderMenu-master" */ = {
			isa = XCConfigurationList;
			buildConfigurations = (
				0137B4301C7C0C3F00523732 /* Debug */,
				0137B4311C7C0C3F00523732 /* Release */,
			);
			defaultConfigurationIsVisible = 0;
			defaultConfigurationName = Release;
		};
		0137B4321C7C0C3F00523732 /* Build configuration list for PBXNativeTarget "XRSliderMenu-master" */ = {
			isa = XCConfigurationList;
			buildConfigurations = (
				0137B4331C7C0C3F00523732 /* Debug */,
				0137B4341C7C0C3F00523732 /* Release */,
			);
			defaultConfigurationIsVisible = 0;
			defaultConfigurationName = Release;
		};
		0137B4351C7C0C3F00523732 /* Build configuration list for PBXNativeTarget "XRSliderMenu-masterTests" */ = {
			isa = XCConfigurationList;
			buildConfigurations = (
				0137B4361C7C0C3F00523732 /* Debug */,
				0137B4371C7C0C3F00523732 /* Release */,
			);
			defaultConfigurationIsVisible = 0;
			defaultConfigurationName = Release;
		};
		0137B4381C7C0C3F00523732 /* Build configuration list for PBXNativeTarget "XRSliderMenu-masterUITests" */ = {
			isa = XCConfigurationList;
			buildConfigurations = (
				0137B4391C7C0C3F00523732 /* Debug */,
				0137B43A1C7C0C3F00523732 /* Release */,
			);
			defaultConfigurationIsVisible = 0;
			defaultConfigurationName = Release;
		};
/* End XCConfigurationList section */
	};
	rootObject = 0137B4021C7C0C3E00523732 /* Project object */;
}
